<?xml version="1.0" encoding="utf-8"?>
<Project ToolsVersion="4.0" xmlns="http://schemas.microsoft.com/developer/msbuild/2003">
  <ItemGroup>
    <Filter Include="ソース ファイル">
      <UniqueIdentifier>{4FC737F1-C7A5-4376-A066-2A32D752A2FF}</UniqueIdentifier>
      <Extensions>cpp;c;cc;cxx;c++;cppm;ixx;def;odl;idl;hpj;bat;asm;asmx</Extensions>
    </Filter>
    <Filter Include="ヘッダー ファイル">
      <UniqueIdentifier>{93995380-89BD-4b04-88EB-625FBE52EBFB}</UniqueIdentifier>
      <Extensions>h;hh;hpp;hxx;h++;hm;inl;inc;ipp;xsd</Extensions>
    </Filter>
    <Filter Include="リソース ファイル">
      <UniqueIdentifier>{67DA6AB6-F800-4c08-8B7A-83BB121AAD01}</UniqueIdentifier>
      <Extensions>rc;ico;cur;bmp;dlg;rc2;rct;bin;rgs;gif;jpg;jpeg;jpe;resx;tiff;tif;png;wav;mfcribbon-ms</Extensions>
    </Filter>
    <Filter Include="ソース ファイル\Main">
      <UniqueIdentifier>{7ae73e5a-865e-4091-87ce-39e86896244f}</UniqueIdentifier>
    </Filter>
    <Filter Include="ソース ファイル\Main\Updatable">
      <UniqueIdentifier>{1506bc52-b381-49f6-aeab-0d983312d72b}</UniqueIdentifier>
    </Filter>
  </ItemGroup>
  <ItemGroup>
    <ClCompile Include="Scripts\Main\GameMain.cpp">
      <Filter>ソース ファイル\Main</Filter>
    </ClCompile>
    <ClCompile Include="Scripts\Updatable\Updatable.cpp">
      <Filter>ソース ファイル\Main\Updatable</Filter>
    </ClCompile>
  </ItemGroup>
  <ItemGroup>
    <ClInclude Include="Scripts\Main\GameMain.h">
      <Filter>ソース ファイル\Main</Filter>
    </ClInclude>
    <ClInclude Include="Scripts\Main\OftenIncludeFile.h">
      <Filter>ソース ファイル\Main</Filter>
    </ClInclude>
    <ClInclude Include="Scripts\Updatable\Updatable.h">
      <Filter>ソース ファイル\Main\Updatable</Filter>
    </ClInclude>
  </ItemGroup>
</Project>