<?xml version="1.0" encoding="utf-8"?>
<Project ToolsVersion="4.0" xmlns="http://schemas.microsoft.com/developer/msbuild/2003">
  <ItemGroup>
    <Filter Include="ソース ファイル">
      <UniqueIdentifier>{4FC737F1-C7A5-4376-A066-2A32D752A2FF}</UniqueIdentifier>
      <Extensions>cpp;c;cc;cxx;c++;cppm;ixx;def;odl;idl;hpj;bat;asm;asmx</Extensions>
    </Filter>
    <Filter Include="ヘッダー ファイル">
      <UniqueIdentifier>{93995380-89BD-4b04-88EB-625FBE52EBFB}</UniqueIdentifier>
      <Extensions>h;hh;hpp;hxx;h++;hm;inl;inc;ipp;xsd</Extensions>
    </Filter>
    <Filter Include="リソース ファイル">
      <UniqueIdentifier>{67DA6AB6-F800-4c08-8B7A-83BB121AAD01}</UniqueIdentifier>
      <Extensions>rc;ico;cur;bmp;dlg;rc2;rct;bin;rgs;gif;jpg;jpeg;jpe;resx;tiff;tif;png;wav;mfcribbon-ms</Extensions>
    </Filter>
    <Filter Include="ソース ファイル\Main">
      <UniqueIdentifier>{7ae73e5a-865e-4091-87ce-39e86896244f}</UniqueIdentifier>
    </Filter>
    <Filter Include="ヘッダー ファイル\Main">
      <UniqueIdentifier>{b4de8a55-c17e-41db-83c1-b6ef80d0c4d6}</UniqueIdentifier>
    </Filter>
    <Filter Include="ヘッダー ファイル\DataType">
      <UniqueIdentifier>{46ce3f73-7311-467c-a280-1b6ea49f9be0}</UniqueIdentifier>
    </Filter>
    <Filter Include="ソース ファイル\DataType">
      <UniqueIdentifier>{b12c663e-1400-44d3-9fb0-006e4095dab1}</UniqueIdentifier>
    </Filter>
    <Filter Include="ヘッダー ファイル\Main\Scene">
      <UniqueIdentifier>{c2498ab5-01c1-42e7-8ce9-36ae819d8616}</UniqueIdentifier>
    </Filter>
    <Filter Include="ソース ファイル\Virtual">
      <UniqueIdentifier>{1506bc52-b381-49f6-aeab-0d983312d72b}</UniqueIdentifier>
    </Filter>
    <Filter Include="ヘッダー ファイル\Virtual">
      <UniqueIdentifier>{de47f219-8e8e-4cd4-8f7c-0cc44deaddd2}</UniqueIdentifier>
    </Filter>
    <Filter Include="ヘッダー ファイル\Main\Updatable">
      <UniqueIdentifier>{868f9f5f-74a2-484d-b7d8-d521ee1fb128}</UniqueIdentifier>
    </Filter>
    <Filter Include="ソース ファイル\Main\Updatable">
      <UniqueIdentifier>{0f237fb4-6785-40ea-9801-e7ec8c62ec11}</UniqueIdentifier>
    </Filter>
  </ItemGroup>
  <ItemGroup>
    <ClCompile Include="Scripts\Main\GameMain.cpp">
      <Filter>ソース ファイル\Main</Filter>
    </ClCompile>
    <ClCompile Include="Scripts\Virtual\Updatable.cpp">
      <Filter>ソース ファイル\Virtual</Filter>
    </ClCompile>
    <ClCompile Include="Scripts\DataType\Quaternion.cpp">
      <Filter>ソース ファイル\DataType</Filter>
    </ClCompile>
    <ClCompile Include="Scripts\Virtual\Renderable.cpp">
      <Filter>ソース ファイル\Virtual</Filter>
    </ClCompile>
    <ClCompile Include="Scripts\Main\Updatable\MapSample.cpp">
      <Filter>ソース ファイル\Main\Updatable</Filter>
    </ClCompile>
  </ItemGroup>
  <ItemGroup>
    <ClInclude Include="Scripts\Main\GameMain.h">
      <Filter>ヘッダー ファイル\Main</Filter>
    </ClInclude>
    <ClInclude Include="Scripts\Virtual\Updatable.h">
      <Filter>ヘッダー ファイル\Virtual</Filter>
    </ClInclude>
    <ClInclude Include="Scripts\Virtual\Position.h">
      <Filter>ヘッダー ファイル\Virtual</Filter>
    </ClInclude>
    <ClInclude Include="Scripts\Virtual\SceneBase.h">
      <Filter>ヘッダー ファイル\Virtual</Filter>
    </ClInclude>
    <ClInclude Include="Scripts\Virtual\Transform.h">
      <Filter>ヘッダー ファイル\Virtual</Filter>
    </ClInclude>
    <ClInclude Include="Scripts\DataType\Quaternion.h">
      <Filter>ヘッダー ファイル\DataType</Filter>
    </ClInclude>
    <ClInclude Include="Scripts\DataType\MyList.h">
      <Filter>ヘッダー ファイル\DataType</Filter>
    </ClInclude>
    <ClInclude Include="Scripts\DataType\ForkList.h">
      <Filter>ヘッダー ファイル\DataType</Filter>
    </ClInclude>
    <ClInclude Include="Scripts\Virtual\Renderable.h">
      <Filter>ヘッダー ファイル\Virtual</Filter>
    </ClInclude>
    <ClInclude Include="Scripts\Main\Scene\TitleScene.h">
      <Filter>ヘッダー ファイル\Main\Scene</Filter>
    </ClInclude>
    <ClInclude Include="Scripts\Main\Updatable\MapSample.h">
      <Filter>ヘッダー ファイル\Main\Updatable</Filter>
    </ClInclude>
    <ClInclude Include="Scripts\Main\ResourceManager.h">
      <Filter>ヘッダー ファイル\Main</Filter>
    </ClInclude>
  </ItemGroup>
</Project>